// !$*UTF8*$!
{
	archiveVersion = 1;
	classes = {
	};
	objectVersion = 50;
	objects = {

/* Begin PBXBuildFile section */
		B640B65C269505570044D58A /* Item.swift in Sources */ = {isa = PBXBuildFile; fileRef = B640B65B269505570044D58A /* Item.swift */; };
		B640B66426964CA30044D58A /* Refeicao.swift in Sources */ = {isa = PBXBuildFile; fileRef = B640B65F269507C90044D58A /* Refeicao.swift */; };
		B640B6B326A8A42E0044D58A /* RefeicoesTableViewController.swift in Sources */ = {isa = PBXBuildFile; fileRef = B640B6B226A8A42E0044D58A /* RefeicoesTableViewController.swift */; };
		B697CCA0265BED730068759E /* AppDelegate.swift in Sources */ = {isa = PBXBuildFile; fileRef = B697CC9F265BED730068759E /* AppDelegate.swift */; };
		B697CCA2265BED730068759E /* SceneDelegate.swift in Sources */ = {isa = PBXBuildFile; fileRef = B697CCA1265BED730068759E /* SceneDelegate.swift */; };
		B697CCA4265BED730068759E /* ViewController.swift in Sources */ = {isa = PBXBuildFile; fileRef = B697CCA3265BED730068759E /* ViewController.swift */; };
		B697CCA7265BED730068759E /* Main.storyboard in Resources */ = {isa = PBXBuildFile; fileRef = B697CCA5265BED730068759E /* Main.storyboard */; };
		B697CCA9265BED770068759E /* Assets.xcassets in Resources */ = {isa = PBXBuildFile; fileRef = B697CCA8265BED770068759E /* Assets.xcassets */; };
		B697CCAC265BED770068759E /* LaunchScreen.storyboard in Resources */ = {isa = PBXBuildFile; fileRef = B697CCAA265BED770068759E /* LaunchScreen.storyboard */; };
/* End PBXBuildFile section */

/* Begin PBXFileReference section */
		B640B65B269505570044D58A /* Item.swift */ = {isa = PBXFileReference; lastKnownFileType = sourcecode.swift; path = Item.swift; sourceTree = "<group>"; };
		B640B65F269507C90044D58A /* Refeicao.swift */ = {isa = PBXFileReference; lastKnownFileType = sourcecode.swift; path = Refeicao.swift; sourceTree = "<group>"; };
		B640B6B226A8A42E0044D58A /* RefeicoesTableViewController.swift */ = {isa = PBXFileReference; lastKnownFileType = sourcecode.swift; path = RefeicoesTableViewController.swift; sourceTree = "<group>"; };
		B697CC9C265BED730068759E /* maximo.app */ = {isa = PBXFileReference; explicitFileType = wrapper.application; includeInIndex = 0; path = maximo.app; sourceTree = BUILT_PRODUCTS_DIR; };
		B697CC9F265BED730068759E /* AppDelegate.swift */ = {isa = PBXFileReference; lastKnownFileType = sourcecode.swift; path = AppDelegate.swift; sourceTree = "<group>"; };
		B697CCA1265BED730068759E /* SceneDelegate.swift */ = {isa = PBXFileReference; lastKnownFileType = sourcecode.swift; path = SceneDelegate.swift; sourceTree = "<group>"; };
		B697CCA3265BED730068759E /* ViewController.swift */ = {isa = PBXFileReference; lastKnownFileType = sourcecode.swift; path = ViewController.swift; sourceTree = "<group>"; };
		B697CCA6265BED730068759E /* Base */ = {isa = PBXFileReference; lastKnownFileType = file.storyboard; name = Base; path = Base.lproj/Main.storyboard; sourceTree = "<group>"; };
		B697CCA8265BED770068759E /* Assets.xcassets */ = {isa = PBXFileReference; lastKnownFileType = folder.assetcatalog; path = Assets.xcassets; sourceTree = "<group>"; };
		B697CCAB265BED770068759E /* Base */ = {isa = PBXFileReference; lastKnownFileType = file.storyboard; name = Base; path = Base.lproj/LaunchScreen.storyboard; sourceTree = "<group>"; };
		B697CCAD265BED770068759E /* Info.plist */ = {isa = PBXFileReference; lastKnownFileType = text.plist.xml; path = Info.plist; sourceTree = "<group>"; };
		B6DE636D2673FDB400C5E8CE /* MyPlayground.playground */ = {isa = PBXFileReference; lastKnownFileType = file.playground; name = MyPlayground.playground; path = "../../Library/Autosave Information/MyPlayground.playground"; sourceTree = "<group>"; xcLanguageSpecificationIdentifier = xcode.lang.swift; };
/* End PBXFileReference section */

/* Begin PBXFrameworksBuildPhase section */
		B697CC99265BED730068759E /* Frameworks */ = {
			isa = PBXFrameworksBuildPhase;
			buildActionMask = 2147483647;
			files = (
			);
			runOnlyForDeploymentPostprocessing = 0;
		};
/* End PBXFrameworksBuildPhase section */

/* Begin PBXGroup section */
		B640B65E269507BB0044D58A /* Models */ = {
			isa = PBXGroup;
			children = (
				B640B65F269507C90044D58A /* Refeicao.swift */,
				B640B65B269505570044D58A /* Item.swift */,
			);
			path = Models;
			sourceTree = "<group>";
		};
		B640B6612695084D0044D58A /* Controllers */ = {
			isa = PBXGroup;
			children = (
				B697CCA3265BED730068759E /* ViewController.swift */,
				B640B6B226A8A42E0044D58A /* RefeicoesTableViewController.swift */,
			);
			path = Controllers;
			sourceTree = "<group>";
		};
		B640B6622695094E0044D58A /* Views */ = {
			isa = PBXGroup;
			children = (
				B697CCA5265BED730068759E /* Main.storyboard */,
			);
			path = Views;
			sourceTree = "<group>";
		};
		B697CC93265BED730068759E = {
			isa = PBXGroup;
			children = (
				B6DE636D2673FDB400C5E8CE /* MyPlayground.playground */,
				B697CC9E265BED730068759E /* maximo */,
				B697CC9D265BED730068759E /* Products */,
			);
			sourceTree = "<group>";
		};
		B697CC9D265BED730068759E /* Products */ = {
			isa = PBXGroup;
			children = (
				B697CC9C265BED730068759E /* maximo.app */,
			);
			name = Products;
			sourceTree = "<group>";
		};
		B697CC9E265BED730068759E /* maximo */ = {
			isa = PBXGroup;
			children = (
				B697CC9F265BED730068759E /* AppDelegate.swift */,
				B697CCA1265BED730068759E /* SceneDelegate.swift */,
				B640B65E269507BB0044D58A /* Models */,
				B640B6622695094E0044D58A /* Views */,
				B640B6612695084D0044D58A /* Controllers */,
				B697CCA8265BED770068759E /* Assets.xcassets */,
				B697CCAA265BED770068759E /* LaunchScreen.storyboard */,
				B697CCAD265BED770068759E /* Info.plist */,
			);
			path = maximo;
			sourceTree = "<group>";
		};
/* End PBXGroup section */

/* Begin PBXNativeTarget section */
		B697CC9B265BED730068759E /* maximo */ = {
			isa = PBXNativeTarget;
			buildConfigurationList = B697CCB0265BED780068759E /* Build configuration list for PBXNativeTarget "maximo" */;
			buildPhases = (
				B697CC98265BED730068759E /* Sources */,
				B697CC99265BED730068759E /* Frameworks */,
				B697CC9A265BED730068759E /* Resources */,
			);
			buildRules = (
			);
			dependencies = (
			);
			name = maximo;
			productName = maximo;
			productReference = B697CC9C265BED730068759E /* maximo.app */;
			productType = "com.apple.product-type.application";
		};
/* End PBXNativeTarget section */

/* Begin PBXProject section */
		B697CC94265BED730068759E /* Project object */ = {
			isa = PBXProject;
			attributes = {
				LastSwiftUpdateCheck = 1220;
				LastUpgradeCheck = 1220;
				TargetAttributes = {
					B697CC9B265BED730068759E = {
						CreatedOnToolsVersion = 12.2;
					};
				};
			};
			buildConfigurationList = B697CC97265BED730068759E /* Build configuration list for PBXProject "maximo" */;
			compatibilityVersion = "Xcode 9.3";
			developmentRegion = en;
			hasScannedForEncodings = 0;
			knownRegions = (
				en,
				Base,
			);
			mainGroup = B697CC93265BED730068759E;
			productRefGroup = B697CC9D265BED730068759E /* Products */;
			projectDirPath = "";
			projectRoot = "";
			targets = (
				B697CC9B265BED730068759E /* maximo */,
			);
		};
/* End PBXProject section */

/* Begin PBXResourcesBuildPhase section */
		B697CC9A265BED730068759E /* Resources */ = {
			isa = PBXResourcesBuildPhase;
			buildActionMask = 2147483647;
			files = (
				B697CCAC265BED770068759E /* LaunchScreen.storyboard in Resources */,
				B697CCA9265BED770068759E /* Assets.xcassets in Resources */,
				B697CCA7265BED730068759E /* Main.storyboard in Resources */,
			);
			runOnlyForDeploymentPostprocessing = 0;
		};
/* End PBXResourcesBuildPhase section */

/* Begin PBXSourcesBuildPhase section */
		B697CC98265BED730068759E /* Sources */ = {
			isa = PBXSourcesBuildPhase;
			buildActionMask = 2147483647;
			files = (
				B640B65C269505570044D58A /* Item.swift in Sources */,
				B640B66426964CA30044D58A /* Refeicao.swift in Sources */,
				B697CCA4265BED730068759E /* ViewController.swift in Sources */,
				B640B6B326A8A42E0044D58A /* RefeicoesTableViewController.swift in Sources */,
				B697CCA0265BED730068759E /* AppDelegate.swift in Sources */,
				B697CCA2265BED730068759E /* SceneDelegate.swift in Sources */,
			);
			runOnlyForDeploymentPostprocessing = 0;
		};
/* End PBXSourcesBuildPhase section */

/* Begin PBXVariantGroup section */
		B697CCA5265BED730068759E /* Main.storyboard */ = {
			isa = PBXVariantGroup;
			children = (
				B697CCA6265BED730068759E /* Base */,
			);
			name = Main.storyboard;
			sourceTree = "<group>";
		};
		B697CCAA265BED770068759E /* LaunchScreen.storyboard */ = {
			isa = PBXVariantGroup;
			children = (
				B697CCAB265BED770068759E /* Base */,
			);
			name = LaunchScreen.storyboard;
			sourceTree = "<group>";
		};
/* End PBXVariantGroup section */

/* Begin XCBuildConfiguration section */
		B697CCAE265BED770068759E /* Debug */ = {
			isa = XCBuildConfiguration;
			buildSettings = {
				ALWAYS_SEARCH_USER_PATHS = NO;
				CLANG_ANALYZER_NONNULL = YES;
				CLANG_ANALYZER_NUMBER_OBJECT_CONVERSION = YES_AGGRESSIVE;
				CLANG_CXX_LANGUAGE_STANDARD = "gnu++14";
				CLANG_CXX_LIBRARY = "libc++";
				CLANG_ENABLE_MODULES = YES;
				CLANG_ENABLE_OBJC_ARC = YES;
				CLANG_ENABLE_OBJC_WEAK = YES;
				CLANG_WARN_BLOCK_CAPTURE_AUTORELEASING = YES;
				CLANG_WARN_BOOL_CONVERSION = YES;
				CLANG_WARN_COMMA = YES;
				CLANG_WARN_CONSTANT_CONVERSION = YES;
				CLANG_WARN_DEPRECATED_OBJC_IMPLEMENTATIONS = YES;
				CLANG_WARN_DIRECT_OBJC_ISA_USAGE = YES_ERROR;
				CLANG_WARN_DOCUMENTATION_COMMENTS = YES;
				CLANG_WARN_EMPTY_BODY = YES;
				CLANG_WARN_ENUM_CONVERSION = YES;
				CLANG_WARN_INFINITE_RECURSION = YES;
				CLANG_WARN_INT_CONVERSION = YES;
				CLANG_WARN_NON_LITERAL_NULL_CONVERSION = YES;
				CLANG_WARN_OBJC_IMPLICIT_RETAIN_SELF = YES;
				CLANG_WARN_OBJC_LITERAL_CONVERSION = YES;
				CLANG_WARN_OBJC_ROOT_CLASS = YES_ERROR;
				CLANG_WARN_QUOTED_INCLUDE_IN_FRAMEWORK_HEADER = YES;
				CLANG_WARN_RANGE_LOOP_ANALYSIS = YES;
				CLANG_WARN_STRICT_PROTOTYPES = YES;
				CLANG_WARN_SUSPICIOUS_MOVE = YES;
				CLANG_WARN_UNGUARDED_AVAILABILITY = YES_AGGRESSIVE;
				CLANG_WARN_UNREACHABLE_CODE = YES;
				CLANG_WARN__DUPLICATE_METHOD_MATCH = YES;
				COPY_PHASE_STRIP = NO;
				DEBUG_INFORMATION_FORMAT = dwarf;
				ENABLE_STRICT_OBJC_MSGSEND = YES;
				ENABLE_TESTABILITY = YES;
				GCC_C_LANGUAGE_STANDARD = gnu11;
				GCC_DYNAMIC_NO_PIC = NO;
				GCC_NO_COMMON_BLOCKS = YES;
				GCC_OPTIMIZATION_LEVEL = 0;
				GCC_PREPROCESSOR_DEFINITIONS = (
					"DEBUG=1",
					"$(inherited)",
				);
				GCC_WARN_64_TO_32_BIT_CONVERSION = YES;
				GCC_WARN_ABOUT_RETURN_TYPE = YES_ERROR;
				GCC_WARN_UNDECLARED_SELECTOR = YES;
				GCC_WARN_UNINITIALIZED_AUTOS = YES_AGGRESSIVE;
				GCC_WARN_UNUSED_FUNCTION = YES;
				GCC_WARN_UNUSED_VARIABLE = YES;
				IPHONEOS_DEPLOYMENT_TARGET = 14.2;
				MTL_ENABLE_DEBUG_INFO = INCLUDE_SOURCE;
				MTL_FAST_MATH = YES;
				ONLY_ACTIVE_ARCH = YES;
				SDKROOT = iphoneos;
				SWIFT_ACTIVE_COMPILATION_CONDITIONS = DEBUG;
				SWIFT_OPTIMIZATION_LEVEL = "-Onone";
			};
			name = Debug;
		};
		B697CCAF265BED780068759E /* Release */ = {
			isa = XCBuildConfiguration;
			buildSettings = {
				ALWAYS_SEARCH_USER_PATHS = NO;
				CLANG_ANALYZER_NONNULL = YES;
				CLANG_ANALYZER_NUMBER_OBJECT_CONVERSION = YES_AGGRESSIVE;
				CLANG_CXX_LANGUAGE_STANDARD = "gnu++14";
				CLANG_CXX_LIBRARY = "libc++";
				CLANG_ENABLE_MODULES = YES;
				CLANG_ENABLE_OBJC_ARC = YES;
				CLANG_ENABLE_OBJC_WEAK = YES;
				CLANG_WARN_BLOCK_CAPTURE_AUTORELEASING = YES;
				CLANG_WARN_BOOL_CONVERSION = YES;
				CLANG_WARN_COMMA = YES;
				CLANG_WARN_CONSTANT_CONVERSION = YES;
				CLANG_WARN_DEPRECATED_OBJC_IMPLEMENTATIONS = YES;
				CLANG_WARN_DIRECT_OBJC_ISA_USAGE = YES_ERROR;
				CLANG_WARN_DOCUMENTATION_COMMENTS = YES;
				CLANG_WARN_EMPTY_BODY = YES;
				CLANG_WARN_ENUM_CONVERSION = YES;
				CLANG_WARN_INFINITE_RECURSION = YES;
				CLANG_WARN_INT_CONVERSION = YES;
				CLANG_WARN_NON_LITERAL_NULL_CONVERSION = YES;
				CLANG_WARN_OBJC_IMPLICIT_RETAIN_SELF = YES;
				CLANG_WARN_OBJC_LITERAL_CONVERSION = YES;
				CLANG_WARN_OBJC_ROOT_CLASS = YES_ERROR;
				CLANG_WARN_QUOTED_INCLUDE_IN_FRAMEWORK_HEADER = YES;
				CLANG_WARN_RANGE_LOOP_ANALYSIS = YES;
				CLANG_WARN_STRICT_PROTOTYPES = YES;
				CLANG_WARN_SUSPICIOUS_MOVE = YES;
				CLANG_WARN_UNGUARDED_AVAILABILITY = YES_AGGRESSIVE;
				CLANG_WARN_UNREACHABLE_CODE = YES;
				CLANG_WARN__DUPLICATE_METHOD_MATCH = YES;
				COPY_PHASE_STRIP = NO;
				DEBUG_INFORMATION_FORMAT = "dwarf-with-dsym";
				ENABLE_NS_ASSERTIONS = NO;
				ENABLE_STRICT_OBJC_MSGSEND = YES;
				GCC_C_LANGUAGE_STANDARD = gnu11;
				GCC_NO_COMMON_BLOCKS = YES;
				GCC_WARN_64_TO_32_BIT_CONVERSION = YES;
				GCC_WARN_ABOUT_RETURN_TYPE = YES_ERROR;
				GCC_WARN_UNDECLARED_SELECTOR = YES;
				GCC_WARN_UNINITIALIZED_AUTOS = YES_AGGRESSIVE;
				GCC_WARN_UNUSED_FUNCTION = YES;
				GCC_WARN_UNUSED_VARIABLE = YES;
				IPHONEOS_DEPLOYMENT_TARGET = 14.2;
				MTL_ENABLE_DEBUG_INFO = NO;
				MTL_FAST_MATH = YES;
				SDKROOT = iphoneos;
				SWIFT_COMPILATION_MODE = wholemodule;
				SWIFT_OPTIMIZATION_LEVEL = "-O";
				VALIDATE_PRODUCT = YES;
			};
			name = Release;
		};
		B697CCB1265BED780068759E /* Debug */ = {
			isa = XCBuildConfiguration;
			buildSettings = {
				ASSETCATALOG_COMPILER_APPICON_NAME = AppIcon;
				ASSETCATALOG_COMPILER_GLOBAL_ACCENT_COLOR_NAME = AccentColor;
				CODE_SIGN_STYLE = Automatic;
				INFOPLIST_FILE = maximo/Info.plist;
				LD_RUNPATH_SEARCH_PATHS = (
					"$(inherited)",
					"@executable_path/Frameworks",
				);
				PRODUCT_BUNDLE_IDENTIFIER = "app-aple.maximo";
				PRODUCT_NAME = "$(TARGET_NAME)";
				SWIFT_VERSION = 5.0;
				TARGETED_DEVICE_FAMILY = "1,2";
			};
			name = Debug;
		};
		B697CCB2265BED780068759E /* Release */ = {
			isa = XCBuildConfiguration;
			buildSettings = {
				ASSETCATALOG_COMPILER_APPICON_NAME = AppIcon;
				ASSETCATALOG_COMPILER_GLOBAL_ACCENT_COLOR_NAME = AccentColor;
				CODE_SIGN_STYLE = Automatic;
				INFOPLIST_FILE = maximo/Info.plist;
				LD_RUNPATH_SEARCH_PATHS = (
					"$(inherited)",
					"@executable_path/Frameworks",
				);
				PRODUCT_BUNDLE_IDENTIFIER = "app-aple.maximo";
				PRODUCT_NAME = "$(TARGET_NAME)";
				SWIFT_VERSION = 5.0;
				TARGETED_DEVICE_FAMILY = "1,2";
			};
			name = Release;
		};
/* End XCBuildConfiguration section */

/* Begin XCConfigurationList section */
		B697CC97265BED730068759E /* Build configuration list for PBXProject "maximo" */ = {
			isa = XCConfigurationList;
			buildConfigurations = (
				B697CCAE265BED770068759E /* Debug */,
				B697CCAF265BED780068759E /* Release */,
			);
			defaultConfigurationIsVisible = 0;
			defaultConfigurationName = Release;
		};
		B697CCB0265BED780068759E /* Build configuration list for PBXNativeTarget "maximo" */ = {
			isa = XCConfigurationList;
			buildConfigurations = (
				B697CCB1265BED780068759E /* Debug */,
				B697CCB2265BED780068759E /* Release */,
			);
			defaultConfigurationIsVisible = 0;
			defaultConfigurationName = Release;
		};
/* End XCConfigurationList section */
	};
	rootObject = B697CC94265BED730068759E /* Project object */;
}
